// !$*UTF8*$!
{
	archiveVersion = 1;
	classes = {
	};
	objectVersion = 56;
	objects = {

/* Begin PBXBuildFile section */
		041554A72F8CE36700AD8599 /* HelaTrackApp.swift in Sources */ = {isa = PBXBuildFile; fileRef = 041554A62F8CE36700AD8599 /* HelaTrackApp.swift */; };
		041554A92F8CE36700AD8599 /* ContentView.swift in Sources */ = {isa = PBXBuildFile; fileRef = 041554A82F8CE36700AD8599 /* ContentView.swift */; };
		041554AB2F8CE36A00AD8599 /* Assets.xcassets in Resources */ = {isa = PBXBuildFile; fileRef = 041554AA2F8CE36A00AD8599 /* Assets.xcassets */; };
		041554AE2F8CE36A00AD8599 /* Preview Assets.xcassets in Resources */ = {isa = PBXBuildFile; fileRef = 041554AD2F8CE36A00AD8599 /* Preview Assets.xcassets */; };
		041554B82F8CE36A00AD8599 /* messageParseTest.swift in Sources */ = {isa = PBXBuildFile; fileRef = 041554B72F8CE36A00AD8599 /* messageParseTest.swift */; };
		041554C22F8CE36A00AD8599 /* HelaTrackUITests.swift in Sources */ = {isa = PBXBuildFile; fileRef = 041554C12F8CE36A00AD8599 /* HelaTrackUITests.swift */; };
		041554C42F8CE36A00AD8599 /* HelaTrackUITestsLaunchTests.swift in Sources */ = {isa = PBXBuildFile; fileRef = 041554C32F8CE36A00AD8599 /* HelaTrackUITestsLaunchTests.swift */; };
		049CA15D2F90F54000B48F29 /* assistant.json in Resources */ = {isa = PBXBuildFile; fileRef = 049CA1592F90F54000B48F29 /* assistant.json */; };
		049CA15E2F90F54000B48F29 /* analytics.json in Resources */ = {isa = PBXBuildFile; fileRef = 049CA15A2F90F54000B48F29 /* analytics.json */; };
		049CA15F2F90F54000B48F29 /* finance.json in Resources */ = {isa = PBXBuildFile; fileRef = 049CA15B2F90F54000B48F29 /* finance.json */; };
		049CA1602F90F54000B48F29 /* moneytransfer.json in Resources */ = {isa = PBXBuildFile; fileRef = 049CA15C2F90F54000B48F29 /* moneytransfer.json */; };
		049CA1622F90FA1E00B48F29 /* OnboardingView.swift in Sources */ = {isa = PBXBuildFile; fileRef = 049CA1612F90FA1E00B48F29 /* OnboardingView.swift */; };
		049CA1642F90FA4500B48F29 /* OnboardingViewModel.swift in Sources */ = {isa = PBXBuildFile; fileRef = 049CA1632F90FA4500B48F29 /* OnboardingViewModel.swift */; };
		049CA1682F910E5700B48F29 /* Lottie in Frameworks */ = {isa = PBXBuildFile; productRef = 049CA1672F910E5700B48F29 /* Lottie */; };
		049CA16A2F9116D600B48F29 /* PaymentProviders.swift in Sources */ = {isa = PBXBuildFile; fileRef = 049CA1692F9116D600B48F29 /* PaymentProviders.swift */; };
		049CA16D2F9120D300B48F29 /* Colors.swift in Sources */ = {isa = PBXBuildFile; fileRef = 049CA16C2F9120D200B48F29 /* Colors.swift */; };
		049CA16F2F9123E600B48F29 /* LottieView.swift in Sources */ = {isa = PBXBuildFile; fileRef = 049CA16E2F9123E600B48F29 /* LottieView.swift */; };
		049CA1712F91242E00B48F29 /* ZApplyIcon.swift in Sources */ = {isa = PBXBuildFile; fileRef = 049CA1702F91242E00B48F29 /* ZApplyIcon.swift */; };
		049CA1732F9124C900B48F29 /* AnimationPage.swift in Sources */ = {isa = PBXBuildFile; fileRef = 049CA1722F9124C900B48F29 /* AnimationPage.swift */; };
		049CA1752F91252F00B48F29 /* PaymentSelectionPage.swift in Sources */ = {isa = PBXBuildFile; fileRef = 049CA1742F91252F00B48F29 /* PaymentSelectionPage.swift */; };
		049CA1772F9125C000B48F29 /* CredentialsPage.swift in Sources */ = {isa = PBXBuildFile; fileRef = 049CA1762F9125C000B48F29 /* CredentialsPage.swift */; };
		049CA1792F912E7900B48F29 /* Icons.swift in Sources */ = {isa = PBXBuildFile; fileRef = 049CA1782F912E7900B48F29 /* Icons.swift */; };
		049CA17B2F913F7000B48F29 /* MainTabView.swift in Sources */ = {isa = PBXBuildFile; fileRef = 049CA17A2F913F7000B48F29 /* MainTabView.swift */; };
		049CA17D2F913FCD00B48F29 /* HomeView.swift in Sources */ = {isa = PBXBuildFile; fileRef = 049CA17C2F913FCD00B48F29 /* HomeView.swift */; };
		049CA1812F91402700B48F29 /* InsightsView.swift in Sources */ = {isa = PBXBuildFile; fileRef = 049CA1802F91402700B48F29 /* InsightsView.swift */; };
		049CA1832F91403C00B48F29 /* TransactionsView.swift in Sources */ = {isa = PBXBuildFile; fileRef = 049CA1822F91403C00B48F29 /* TransactionsView.swift */; };
		049CA1852F91405300B48F29 /* ProfileView.swift in Sources */ = {isa = PBXBuildFile; fileRef = 049CA1842F91405300B48F29 /* ProfileView.swift */; };
		049CA1872F9143CE00B48F29 /* OverviewTabs.swift in Sources */ = {isa = PBXBuildFile; fileRef = 049CA1862F9143CE00B48F29 /* OverviewTabs.swift */; };
		049CA1892F91443D00B48F29 /* DailyPulseCard.swift in Sources */ = {isa = PBXBuildFile; fileRef = 049CA1882F91443D00B48F29 /* DailyPulseCard.swift */; };
		049CA18B2F9144FF00B48F29 /* TransactioRowPlaceholder.swift in Sources */ = {isa = PBXBuildFile; fileRef = 049CA18A2F9144FF00B48F29 /* TransactioRowPlaceholder.swift */; };
		04B9511B2F92A1FD00A600B5 /* TransactionEntity.swift in Sources */ = {isa = PBXBuildFile; fileRef = 04B9511A2F92A1FD00A600B5 /* TransactionEntity.swift */; };
		04B9511D2F92A24400A600B5 /* PersistenceController.swift in Sources */ = {isa = PBXBuildFile; fileRef = 04B9511C2F92A24400A600B5 /* PersistenceController.swift */; };
		04B9511F2F92A30200A600B5 /* TransactionRepository.swift in Sources */ = {isa = PBXBuildFile; fileRef = 04B9511E2F92A30200A600B5 /* TransactionRepository.swift */; };
		04B951212F92A3C000A600B5 /* MessageParser.swift in Sources */ = {isa = PBXBuildFile; fileRef = 04B951202F92A3C000A600B5 /* MessageParser.swift */; };
		04B951232F92A44500A600B5 /* Notifications.swift in Sources */ = {isa = PBXBuildFile; fileRef = 04B951222F92A44500A600B5 /* Notifications.swift */; };
		04B9512B2F938B6600A600B5 /* MessageFilterExtension.swift in Sources */ = {isa = PBXBuildFile; fileRef = 04B9512A2F938B6600A600B5 /* MessageFilterExtension.swift */; };
		04B9512F2F938B6700A600B5 /* HelaTrackFilter.appex in Embed Foundation Extensions */ = {isa = PBXBuildFile; fileRef = 04B951282F938B6600A600B5 /* HelaTrackFilter.appex */; settings = {ATTRIBUTES = (RemoveHeadersOnCopy, ); }; };
		04B951362F938F2F00A600B5 /* HelaTrack.xcdatamodeld in Sources */ = {isa = PBXBuildFile; fileRef = 04B951342F938F2F00A600B5 /* HelaTrack.xcdatamodeld */; };
		04BADDE02F914C0300111C21 /* IncomeBarGraph.swift in Sources */ = {isa = PBXBuildFile; fileRef = 04BADDDF2F914C0300111C21 /* IncomeBarGraph.swift */; };
		04BADDE22F914E9800111C21 /* TransactionModel.swift in Sources */ = {isa = PBXBuildFile; fileRef = 04BADDE12F914E9800111C21 /* TransactionModel.swift */; };
		04BADDE42F914EED00111C21 /* TransactionCard.swift in Sources */ = {isa = PBXBuildFile; fileRef = 04BADDE32F914EED00111C21 /* TransactionCard.swift */; };
		04BADDE62F91551C00111C21 /* FilterChip.swift in Sources */ = {isa = PBXBuildFile; fileRef = 04BADDE52F91551C00111C21 /* FilterChip.swift */; };
		04BADDE82F9160D500111C21 /* InsightsModel.swift in Sources */ = {isa = PBXBuildFile; fileRef = 04BADDE72F9160D500111C21 /* InsightsModel.swift */; };
		04BADDEA2F91610600111C21 /* InsightCard.swift in Sources */ = {isa = PBXBuildFile; fileRef = 04BADDE92F91610600111C21 /* InsightCard.swift */; };
		04BADDEC2F91638400111C21 /* EditProfileView.swift in Sources */ = {isa = PBXBuildFile; fileRef = 04BADDEB2F91638400111C21 /* EditProfileView.swift */; };
/* End PBXBuildFile section */

/* Begin PBXContainerItemProxy section */
		041554B42F8CE36A00AD8599 /* PBXContainerItemProxy */ = {
			isa = PBXContainerItemProxy;
			containerPortal = 0415549B2F8CE36700AD8599 /* Project object */;
			proxyType = 1;
			remoteGlobalIDString = 041554A22F8CE36700AD8599;
			remoteInfo = HelaTrack;
		};
		041554BE2F8CE36A00AD8599 /* PBXContainerItemProxy */ = {
			isa = PBXContainerItemProxy;
			containerPortal = 0415549B2F8CE36700AD8599 /* Project object */;
			proxyType = 1;
			remoteGlobalIDString = 041554A22F8CE36700AD8599;
			remoteInfo = HelaTrack;
		};
		04B9512D2F938B6700A600B5 /* PBXContainerItemProxy */ = {
			isa = PBXContainerItemProxy;
			containerPortal = 0415549B2F8CE36700AD8599 /* Project object */;
			proxyType = 1;
			remoteGlobalIDString = 04B951272F938B6600A600B5;
			remoteInfo = HelaTrackFilter;
		};
/* End PBXContainerItemProxy section */

/* Begin PBXCopyFilesBuildPhase section */
		04B951332F938B6700A600B5 /* Embed Foundation Extensions */ = {
			isa = PBXCopyFilesBuildPhase;
			buildActionMask = 2147483647;
			dstPath = "";
			dstSubfolderSpec = 13;
			files = (
				04B9512F2F938B6700A600B5 /* HelaTrackFilter.appex in Embed Foundation Extensions */,
			);
			name = "Embed Foundation Extensions";
			runOnlyForDeploymentPostprocessing = 0;
		};
/* End PBXCopyFilesBuildPhase section */

/* Begin PBXFileReference section */
		041554A32F8CE36700AD8599 /* HelaTrack.app */ = {isa = PBXFileReference; explicitFileType = wrapper.application; includeInIndex = 0; path = HelaTrack.app; sourceTree = BUILT_PRODUCTS_DIR; };
		041554A62F8CE36700AD8599 /* HelaTrackApp.swift */ = {isa = PBXFileReference; lastKnownFileType = sourcecode.swift; path = HelaTrackApp.swift; sourceTree = "<group>"; };
		041554A82F8CE36700AD8599 /* ContentView.swift */ = {isa = PBXFileReference; lastKnownFileType = sourcecode.swift; path = ContentView.swift; sourceTree = "<group>"; };
		041554AA2F8CE36A00AD8599 /* Assets.xcassets */ = {isa = PBXFileReference; lastKnownFileType = folder.assetcatalog; path = Assets.xcassets; sourceTree = "<group>"; };
		041554AD2F8CE36A00AD8599 /* Preview Assets.xcassets */ = {isa = PBXFileReference; lastKnownFileType = folder.assetcatalog; path = "Preview Assets.xcassets"; sourceTree = "<group>"; };
		041554B32F8CE36A00AD8599 /* HelaTrackTests.xctest */ = {isa = PBXFileReference; explicitFileType = wrapper.cfbundle; includeInIndex = 0; path = HelaTrackTests.xctest; sourceTree = BUILT_PRODUCTS_DIR; };
		041554B72F8CE36A00AD8599 /* messageParseTest.swift */ = {isa = PBXFileReference; lastKnownFileType = sourcecode.swift; path = messageParseTest.swift; sourceTree = "<group>"; };
		041554BD2F8CE36A00AD8599 /* HelaTrackUITests.xctest */ = {isa = PBXFileReference; explicitFileType = wrapper.cfbundle; includeInIndex = 0; path = HelaTrackUITests.xctest; sourceTree = BUILT_PRODUCTS_DIR; };
		041554C12F8CE36A00AD8599 /* HelaTrackUITests.swift */ = {isa = PBXFileReference; lastKnownFileType = sourcecode.swift; path = HelaTrackUITests.swift; sourceTree = "<group>"; };
		041554C32F8CE36A00AD8599 /* HelaTrackUITestsLaunchTests.swift */ = {isa = PBXFileReference; lastKnownFileType = sourcecode.swift; path = HelaTrackUITestsLaunchTests.swift; sourceTree = "<group>"; };
		049CA1592F90F54000B48F29 /* assistant.json */ = {isa = PBXFileReference; fileEncoding = 4; lastKnownFileType = text.json; name = assistant.json; path = ../../../../../GoWallet/app/src/main/res/raw/assistant.json; sourceTree = "<group>"; };
		049CA15A2F90F54000B48F29 /* analytics.json */ = {isa = PBXFileReference; fileEncoding = 4; lastKnownFileType = text.json; name = analytics.json; path = ../../../../../GoWallet/app/src/main/res/raw/analytics.json; sourceTree = "<group>"; };
		049CA15B2F90F54000B48F29 /* finance.json */ = {isa = PBXFileReference; fileEncoding = 4; lastKnownFileType = text.json; name = finance.json; path = ../../../../../GoWallet/app/src/main/res/raw/finance.json; sourceTree = "<group>"; };
		049CA15C2F90F54000B48F29 /* moneytransfer.json */ = {isa = PBXFileReference; fileEncoding = 4; lastKnownFileType = text.json; name = moneytransfer.json; path = ../../../../../GoWallet/app/src/main/res/raw/moneytransfer.json; sourceTree = "<group>"; };
		049CA1612F90FA1E00B48F29 /* OnboardingView.swift */ = {isa = PBXFileReference; lastKnownFileType = sourcecode.swift; path = OnboardingView.swift; sourceTree = "<group>"; };
		049CA1632F90FA4500B48F29 /* OnboardingViewModel.swift */ = {isa = PBXFileReference; lastKnownFileType = sourcecode.swift; path = OnboardingViewModel.swift; sourceTree = "<group>"; };
		049CA1692F9116D600B48F29 /* PaymentProviders.swift */ = {isa = PBXFileReference; lastKnownFileType = sourcecode.swift; path = PaymentProviders.swift; sourceTree = "<group>"; };
		049CA16C2F9120D200B48F29 /* Colors.swift */ = {isa = PBXFileReference; lastKnownFileType = sourcecode.swift; path = Colors.swift; sourceTree = "<group>"; };
		049CA16E2F9123E600B48F29 /* LottieView.swift */ = {isa = PBXFileReference; lastKnownFileType = sourcecode.swift; path = LottieView.swift; sourceTree = "<group>"; };
		049CA1702F91242E00B48F29 /* ZApplyIcon.swift */ = {isa = PBXFileReference; lastKnownFileType = sourcecode.swift; path = ZApplyIcon.swift; sourceTree = "<group>"; };
		049CA1722F9124C900B48F29 /* AnimationPage.swift */ = {isa = PBXFileReference; lastKnownFileType = sourcecode.swift; path = AnimationPage.swift; sourceTree = "<group>"; };
		049CA1742F91252F00B48F29 /* PaymentSelectionPage.swift */ = {isa = PBXFileReference; lastKnownFileType = sourcecode.swift; path = PaymentSelectionPage.swift; sourceTree = "<group>"; };
		049CA1762F9125C000B48F29 /* CredentialsPage.swift */ = {isa = PBXFileReference; lastKnownFileType = sourcecode.swift; path = CredentialsPage.swift; sourceTree = "<group>"; };
		049CA1782F912E7900B48F29 /* Icons.swift */ = {isa = PBXFileReference; lastKnownFileType = sourcecode.swift; path = Icons.swift; sourceTree = "<group>"; };
		049CA17A2F913F7000B48F29 /* MainTabView.swift */ = {isa = PBXFileReference; lastKnownFileType = sourcecode.swift; path = MainTabView.swift; sourceTree = "<group>"; };
		049CA17C2F913FCD00B48F29 /* HomeView.swift */ = {isa = PBXFileReference; lastKnownFileType = sourcecode.swift; path = HomeView.swift; sourceTree = "<group>"; };
		049CA1802F91402700B48F29 /* InsightsView.swift */ = {isa = PBXFileReference; lastKnownFileType = sourcecode.swift; path = InsightsView.swift; sourceTree = "<group>"; };
		049CA1822F91403C00B48F29 /* TransactionsView.swift */ = {isa = PBXFileReference; lastKnownFileType = sourcecode.swift; path = TransactionsView.swift; sourceTree = "<group>"; };
		049CA1842F91405300B48F29 /* ProfileView.swift */ = {isa = PBXFileReference; lastKnownFileType = sourcecode.swift; path = ProfileView.swift; sourceTree = "<group>"; };
		049CA1862F9143CE00B48F29 /* OverviewTabs.swift */ = {isa = PBXFileReference; lastKnownFileType = sourcecode.swift; path = OverviewTabs.swift; sourceTree = "<group>"; };
		049CA1882F91443D00B48F29 /* DailyPulseCard.swift */ = {isa = PBXFileReference; lastKnownFileType = sourcecode.swift; path = DailyPulseCard.swift; sourceTree = "<group>"; };
		049CA18A2F9144FF00B48F29 /* TransactioRowPlaceholder.swift */ = {isa = PBXFileReference; lastKnownFileType = sourcecode.swift; path = TransactioRowPlaceholder.swift; sourceTree = "<group>"; };
		04B9511A2F92A1FD00A600B5 /* TransactionEntity.swift */ = {isa = PBXFileReference; lastKnownFileType = sourcecode.swift; path = TransactionEntity.swift; sourceTree = "<group>"; };
		04B9511C2F92A24400A600B5 /* PersistenceController.swift */ = {isa = PBXFileReference; lastKnownFileType = sourcecode.swift; path = PersistenceController.swift; sourceTree = "<group>"; };
		04B9511E2F92A30200A600B5 /* TransactionRepository.swift */ = {isa = PBXFileReference; lastKnownFileType = sourcecode.swift; path = TransactionRepository.swift; sourceTree = "<group>"; };
		04B951202F92A3C000A600B5 /* MessageParser.swift */ = {isa = PBXFileReference; lastKnownFileType = sourcecode.swift; path = MessageParser.swift; sourceTree = "<group>"; };
		04B951222F92A44500A600B5 /* Notifications.swift */ = {isa = PBXFileReference; lastKnownFileType = sourcecode.swift; path = Notifications.swift; sourceTree = "<group>"; };
		04B951282F938B6600A600B5 /* HelaTrackFilter.appex */ = {isa = PBXFileReference; explicitFileType = "wrapper.app-extension"; includeInIndex = 0; path = HelaTrackFilter.appex; sourceTree = BUILT_PRODUCTS_DIR; };
		04B9512A2F938B6600A600B5 /* MessageFilterExtension.swift */ = {isa = PBXFileReference; lastKnownFileType = sourcecode.swift; path = MessageFilterExtension.swift; sourceTree = "<group>"; };
		04B9512C2F938B6700A600B5 /* Info.plist */ = {isa = PBXFileReference; lastKnownFileType = text.plist.xml; path = Info.plist; sourceTree = "<group>"; };
		04B951352F938F2F00A600B5 /* HelaTrack.xcdatamodel */ = {isa = PBXFileReference; lastKnownFileType = wrapper.xcdatamodel; path = HelaTrack.xcdatamodel; sourceTree = "<group>"; };
		04BADDDF2F914C0300111C21 /* IncomeBarGraph.swift */ = {isa = PBXFileReference; lastKnownFileType = sourcecode.swift; path = IncomeBarGraph.swift; sourceTree = "<group>"; };
		04BADDE12F914E9800111C21 /* TransactionModel.swift */ = {isa = PBXFileReference; lastKnownFileType = sourcecode.swift; path = TransactionModel.swift; sourceTree = "<group>"; };
		04BADDE32F914EED00111C21 /* TransactionCard.swift */ = {isa = PBXFileReference; lastKnownFileType = sourcecode.swift; path = TransactionCard.swift; sourceTree = "<group>"; };
		04BADDE52F91551C00111C21 /* FilterChip.swift */ = {isa = PBXFileReference; lastKnownFileType = sourcecode.swift; path = FilterChip.swift; sourceTree = "<group>"; };
		04BADDE72F9160D500111C21 /* InsightsModel.swift */ = {isa = PBXFileReference; lastKnownFileType = sourcecode.swift; path = InsightsModel.swift; sourceTree = "<group>"; };
		04BADDE92F91610600111C21 /* InsightCard.swift */ = {isa = PBXFileReference; lastKnownFileType = sourcecode.swift; path = InsightCard.swift; sourceTree = "<group>"; };
		04BADDEB2F91638400111C21 /* EditProfileView.swift */ = {isa = PBXFileReference; lastKnownFileType = sourcecode.swift; path = EditProfileView.swift; sourceTree = "<group>"; };
/* End PBXFileReference section */

/* Begin PBXFrameworksBuildPhase section */
		041554A02F8CE36700AD8599 /* Frameworks */ = {
			isa = PBXFrameworksBuildPhase;
			buildActionMask = 2147483647;
			files = (
				049CA1682F910E5700B48F29 /* Lottie in Frameworks */,
			);
			runOnlyForDeploymentPostprocessing = 0;
		};
		041554B02F8CE36A00AD8599 /* Frameworks */ = {
			isa = PBXFrameworksBuildPhase;
			buildActionMask = 2147483647;
			files = (
			);
			runOnlyForDeploymentPostprocessing = 0;
		};
		041554BA2F8CE36A00AD8599 /* Frameworks */ = {
			isa = PBXFrameworksBuildPhase;
			buildActionMask = 2147483647;
			files = (
			);
			runOnlyForDeploymentPostprocessing = 0;
		};
		04B951252F938B6600A600B5 /* Frameworks */ = {
			isa = PBXFrameworksBuildPhase;
			buildActionMask = 2147483647;
			files = (
			);
			runOnlyForDeploymentPostprocessing = 0;
		};
/* End PBXFrameworksBuildPhase section */

/* Begin PBXGroup section */
		0415549A2F8CE36700AD8599 = {
			isa = PBXGroup;
			children = (
				041554A52F8CE36700AD8599 /* HelaTrack */,
				041554B62F8CE36A00AD8599 /* HelaTrackTests */,
				041554C02F8CE36A00AD8599 /* HelaTrackUITests */,
				04B951292F938B6600A600B5 /* HelaTrackFilter */,
				041554A42F8CE36700AD8599 /* Products */,
			);
			sourceTree = "<group>";
		};
		041554A42F8CE36700AD8599 /* Products */ = {
			isa = PBXGroup;
			children = (
				041554A32F8CE36700AD8599 /* HelaTrack.app */,
				041554B32F8CE36A00AD8599 /* HelaTrackTests.xctest */,
				041554BD2F8CE36A00AD8599 /* HelaTrackUITests.xctest */,
				04B951282F938B6600A600B5 /* HelaTrackFilter.appex */,
			);
			name = Products;
			sourceTree = "<group>";
		};
		041554A52F8CE36700AD8599 /* HelaTrack */ = {
			isa = PBXGroup;
			children = (
				04F35A032F8F975900984314 /* main */,
				041554AA2F8CE36A00AD8599 /* Assets.xcassets */,
				041554AC2F8CE36A00AD8599 /* Preview Content */,
			);
			path = HelaTrack;
			sourceTree = "<group>";
		};
		041554AC2F8CE36A00AD8599 /* Preview Content */ = {
			isa = PBXGroup;
			children = (
				041554AD2F8CE36A00AD8599 /* Preview Assets.xcassets */,
			);
			path = "Preview Content";
			sourceTree = "<group>";
		};
		041554B62F8CE36A00AD8599 /* HelaTrackTests */ = {
			isa = PBXGroup;
			children = (
				041554B72F8CE36A00AD8599 /* messageParseTest.swift */,
			);
			path = HelaTrackTests;
			sourceTree = "<group>";
		};
		041554C02F8CE36A00AD8599 /* HelaTrackUITests */ = {
			isa = PBXGroup;
			children = (
				041554C12F8CE36A00AD8599 /* HelaTrackUITests.swift */,
				041554C32F8CE36A00AD8599 /* HelaTrackUITestsLaunchTests.swift */,
			);
			path = HelaTrackUITests;
			sourceTree = "<group>";
		};
		049CA1582F90F4F900B48F29 /* res */ = {
			isa = PBXGroup;
			children = (
				049CA15A2F90F54000B48F29 /* analytics.json */,
				049CA1592F90F54000B48F29 /* assistant.json */,
				049CA15B2F90F54000B48F29 /* finance.json */,
				049CA15C2F90F54000B48F29 /* moneytransfer.json */,
			);
			path = res;
			sourceTree = "<group>";
		};
		049CA16B2F9120A000B48F29 /* Helpers */ = {
			isa = PBXGroup;
			children = (
				049CA16C2F9120D200B48F29 /* Colors.swift */,
				049CA1782F912E7900B48F29 /* Icons.swift */,
			);
			path = Helpers;
			sourceTree = "<group>";
		};
		04B951292F938B6600A600B5 /* HelaTrackFilter */ = {
			isa = PBXGroup;
			children = (
				04B9512A2F938B6600A600B5 /* MessageFilterExtension.swift */,
				04B9512C2F938B6700A600B5 /* Info.plist */,
			);
			path = HelaTrackFilter;
			sourceTree = "<group>";
		};
		04F35A032F8F975900984314 /* main */ = {
			isa = PBXGroup;
			children = (
				049CA16B2F9120A000B48F29 /* Helpers */,
				049CA1582F90F4F900B48F29 /* res */,
				04F35A132F8F9A0E00984314 /* Services */,
				04F35A122F8F98E300984314 /* Worker */,
				04F35A112F8F98C300984314 /* Models */,
				04F35A0A2F8F983F00984314 /* UI */,
				04F35A052F8F979A00984314 /* Features */,
				04F35A042F8F976C00984314 /* app */,
			);
			path = main;
			sourceTree = "<group>";
		};
		04F35A042F8F976C00984314 /* app */ = {
			isa = PBXGroup;
			children = (
				041554A82F8CE36700AD8599 /* ContentView.swift */,
				041554A62F8CE36700AD8599 /* HelaTrackApp.swift */,
				049CA17A2F913F7000B48F29 /* MainTabView.swift */,
			);
			path = app;
			sourceTree = "<group>";
		};
		04F35A052F8F979A00984314 /* Features */ = {
			isa = PBXGroup;
			children = (
				04F35A092F8F982400984314 /* Profile */,
				04F35A082F8F980700984314 /* Transactions */,
				04F35A072F8F97F600984314 /* Insights */,
				04F35A062F8F97BA00984314 /* Home */,
			);
			path = Features;
			sourceTree = "<group>";
		};
		04F35A062F8F97BA00984314 /* Home */ = {
			isa = PBXGroup;
			children = (
				049CA17C2F913FCD00B48F29 /* HomeView.swift */,
			);
			path = Home;
			sourceTree = "<group>";
		};
		04F35A072F8F97F600984314 /* Insights */ = {
			isa = PBXGroup;
			children = (
				049CA1802F91402700B48F29 /* InsightsView.swift */,
			);
			path = Insights;
			sourceTree = "<group>";
		};
		04F35A082F8F980700984314 /* Transactions */ = {
			isa = PBXGroup;
			children = (
				049CA1822F91403C00B48F29 /* TransactionsView.swift */,
			);
			path = Transactions;
			sourceTree = "<group>";
		};
		04F35A092F8F982400984314 /* Profile */ = {
			isa = PBXGroup;
			children = (
				049CA1842F91405300B48F29 /* ProfileView.swift */,
				04BADDEB2F91638400111C21 /* EditProfileView.swift */,
			);
			path = Profile;
			sourceTree = "<group>";
		};
		04F35A0A2F8F983F00984314 /* UI */ = {
			isa = PBXGroup;
			children = (
				04F35A0C2F8F985D00984314 /* Onboarding */,
				04F35A0B2F8F984F00984314 /* Components */,
			);
			path = UI;
			sourceTree = "<group>";
		};
		04F35A0B2F8F984F00984314 /* Components */ = {
			isa = PBXGroup;
			children = (
				049CA16E2F9123E600B48F29 /* LottieView.swift */,
				049CA1702F91242E00B48F29 /* ZApplyIcon.swift */,
				049CA1862F9143CE00B48F29 /* OverviewTabs.swift */,
				049CA1882F91443D00B48F29 /* DailyPulseCard.swift */,
				049CA18A2F9144FF00B48F29 /* TransactioRowPlaceholder.swift */,
				04BADDDF2F914C0300111C21 /* IncomeBarGraph.swift */,
				04BADDE32F914EED00111C21 /* TransactionCard.swift */,
				04BADDE52F91551C00111C21 /* FilterChip.swift */,
				04BADDE92F91610600111C21 /* InsightCard.swift */,
			);
			path = Components;
			sourceTree = "<group>";
		};
		04F35A0C2F8F985D00984314 /* Onboarding */ = {
			isa = PBXGroup;
			children = (
				049CA1612F90FA1E00B48F29 /* OnboardingView.swift */,
				049CA1632F90FA4500B48F29 /* OnboardingViewModel.swift */,
				049CA1722F9124C900B48F29 /* AnimationPage.swift */,
				049CA1742F91252F00B48F29 /* PaymentSelectionPage.swift */,
				049CA1762F9125C000B48F29 /* CredentialsPage.swift */,
			);
			path = Onboarding;
			sourceTree = "<group>";
		};
		04F35A0E2F8F989200984314 /* Local */ = {
			isa = PBXGroup;
			children = (
				04B9511A2F92A1FD00A600B5 /* TransactionEntity.swift */,
				04B9511C2F92A24400A600B5 /* PersistenceController.swift */,
				04B951342F938F2F00A600B5 /* HelaTrack.xcdatamodeld */,
			);
			path = Local;
			sourceTree = "<group>";
		};
		04F35A0F2F8F98A000984314 /* Repository */ = {
			isa = PBXGroup;
			children = (
				04B9511E2F92A30200A600B5 /* TransactionRepository.swift */,
			);
			path = Repository;
			sourceTree = "<group>";
		};
		04F35A102F8F98B100984314 /* Sms */ = {
			isa = PBXGroup;
			children = (
				04B951202F92A3C000A600B5 /* MessageParser.swift */,
				04B951222F92A44500A600B5 /* Notifications.swift */,
			);
			path = Sms;
			sourceTree = "<group>";
		};
		04F35A112F8F98C300984314 /* Models */ = {
			isa = PBXGroup;
			children = (
				049CA1692F9116D600B48F29 /* PaymentProviders.swift */,
				04BADDE12F914E9800111C21 /* TransactionModel.swift */,
				04BADDE72F9160D500111C21 /* InsightsModel.swift */,
			);
			path = Models;
			sourceTree = "<group>";
		};
		04F35A122F8F98E300984314 /* Worker */ = {
			isa = PBXGroup;
			children = (
			);
			path = Worker;
			sourceTree = "<group>";
		};
		04F35A132F8F9A0E00984314 /* Services */ = {
			isa = PBXGroup;
			children = (
				04F35A0E2F8F989200984314 /* Local */,
				04F35A0F2F8F98A000984314 /* Repository */,
				04F35A102F8F98B100984314 /* Sms */,
			);
			path = Services;
			sourceTree = "<group>";
		};
/* End PBXGroup section */

/* Begin PBXNativeTarget section */
		041554A22F8CE36700AD8599 /* HelaTrack */ = {
			isa = PBXNativeTarget;
			buildConfigurationList = 041554C72F8CE36A00AD8599 /* Build configuration list for PBXNativeTarget "HelaTrack" */;
			buildPhases = (
				0415549F2F8CE36700AD8599 /* Sources */,
				041554A02F8CE36700AD8599 /* Frameworks */,
				041554A12F8CE36700AD8599 /* Resources */,
				04B951332F938B6700A600B5 /* Embed Foundation Extensions */,
			);
			buildRules = (
			);
			dependencies = (
				04B9512E2F938B6700A600B5 /* PBXTargetDependency */,
			);
			name = HelaTrack;
			packageProductDependencies = (
				049CA1672F910E5700B48F29 /* Lottie */,
			);
			productName = HelaTrack;
			productReference = 041554A32F8CE36700AD8599 /* HelaTrack.app */;
			productType = "com.apple.product-type.application";
		};
		041554B22F8CE36A00AD8599 /* HelaTrackTests */ = {
			isa = PBXNativeTarget;
			buildConfigurationList = 041554CA2F8CE36A00AD8599 /* Build configuration list for PBXNativeTarget "HelaTrackTests" */;
			buildPhases = (
				041554AF2F8CE36A00AD8599 /* Sources */,
				041554B02F8CE36A00AD8599 /* Frameworks */,
				041554B12F8CE36A00AD8599 /* Resources */,
			);
			buildRules = (
			);
			dependencies = (
				041554B52F8CE36A00AD8599 /* PBXTargetDependency */,
			);
			name = HelaTrackTests;
			productName = HelaTrackTests;
			productReference = 041554B32F8CE36A00AD8599 /* HelaTrackTests.xctest */;
			productType = "com.apple.product-type.bundle.unit-test";
		};
		041554BC2F8CE36A00AD8599 /* HelaTrackUITests */ = {
			isa = PBXNativeTarget;
			buildConfigurationList = 041554CD2F8CE36A00AD8599 /* Build configuration list for PBXNativeTarget "HelaTrackUITests" */;
			buildPhases = (
				041554B92F8CE36A00AD8599 /* Sources */,
				041554BA2F8CE36A00AD8599 /* Frameworks */,
				041554BB2F8CE36A00AD8599 /* Resources */,
			);
			buildRules = (
			);
			dependencies = (
				041554BF2F8CE36A00AD8599 /* PBXTargetDependency */,
			);
			name = HelaTrackUITests;
			productName = HelaTrackUITests;
			productReference = 041554BD2F8CE36A00AD8599 /* HelaTrackUITests.xctest */;
			productType = "com.apple.product-type.bundle.ui-testing";
		};
		04B951272F938B6600A600B5 /* HelaTrackFilter */ = {
			isa = PBXNativeTarget;
			buildConfigurationList = 04B951302F938B6700A600B5 /* Build configuration list for PBXNativeTarget "HelaTrackFilter" */;
			buildPhases = (
				04B951242F938B6600A600B5 /* Sources */,
				04B951252F938B6600A600B5 /* Frameworks */,
				04B951262F938B6600A600B5 /* Resources */,
			);
			buildRules = (
			);
			dependencies = (
			);
			name = HelaTrackFilter;
			productName = HelaTrackFilter;
			productReference = 04B951282F938B6600A600B5 /* HelaTrackFilter.appex */;
			productType = "com.apple.product-type.app-extension";
		};
/* End PBXNativeTarget section */

/* Begin PBXProject section */
		0415549B2F8CE36700AD8599 /* Project object */ = {
			isa = PBXProject;
			attributes = {
				BuildIndependentTargetsInParallel = 1;
				LastSwiftUpdateCheck = 1520;
				LastUpgradeCheck = 1520;
				TargetAttributes = {
					041554A22F8CE36700AD8599 = {
						CreatedOnToolsVersion = 15.2;
					};
					041554B22F8CE36A00AD8599 = {
						CreatedOnToolsVersion = 15.2;
						TestTargetID = 041554A22F8CE36700AD8599;
					};
					041554BC2F8CE36A00AD8599 = {
						CreatedOnToolsVersion = 15.2;
						TestTargetID = 041554A22F8CE36700AD8599;
					};
					04B951272F938B6600A600B5 = {
						CreatedOnToolsVersion = 15.2;
					};
				};
			};
			buildConfigurationList = 0415549E2F8CE36700AD8599 /* Build configuration list for PBXProject "HelaTrack" */;
			compatibilityVersion = "Xcode 14.0";
			developmentRegion = en;
			hasScannedForEncodings = 0;
			knownRegions = (
				en,
				Base,
			);
			mainGroup = 0415549A2F8CE36700AD8599;
			packageReferences = (
				049CA1662F910E5700B48F29 /* XCRemoteSwiftPackageReference "lottie-ios" */,
			);
			productRefGroup = 041554A42F8CE36700AD8599 /* Products */;
			projectDirPath = "";
			projectRoot = "";
			targets = (
				041554A22F8CE36700AD8599 /* HelaTrack */,
				041554B22F8CE36A00AD8599 /* HelaTrackTests */,
				041554BC2F8CE36A00AD8599 /* HelaTrackUITests */,
				04B951272F938B6600A600B5 /* HelaTrackFilter */,
			);
		};
/* End PBXProject section */

/* Begin PBXResourcesBuildPhase section */
		041554A12F8CE36700AD8599 /* Resources */ = {
			isa = PBXResourcesBuildPhase;
			buildActionMask = 2147483647;
			files = (
				049CA15F2F90F54000B48F29 /* finance.json in Resources */,
				041554AE2F8CE36A00AD8599 /* Preview Assets.xcassets in Resources */,
				049CA15D2F90F54000B48F29 /* assistant.json in Resources */,
				049CA1602F90F54000B48F29 /* moneytransfer.json in Resources */,
				049CA15E2F90F54000B48F29 /* analytics.json in Resources */,
				041554AB2F8CE36A00AD8599 /* Assets.xcassets in Resources */,
			);
			runOnlyForDeploymentPostprocessing = 0;
		};
		041554B12F8CE36A00AD8599 /* Resources */ = {
			isa = PBXResourcesBuildPhase;
			buildActionMask = 2147483647;
			files = (
			);
			runOnlyForDeploymentPostprocessing = 0;
		};
		041554BB2F8CE36A00AD8599 /* Resources */ = {
			isa = PBXResourcesBuildPhase;
			buildActionMask = 2147483647;
			files = (
			);
			runOnlyForDeploymentPostprocessing = 0;
		};
		04B951262F938B6600A600B5 /* Resources */ = {
			isa = PBXResourcesBuildPhase;
			buildActionMask = 2147483647;
			files = (
			);
			runOnlyForDeploymentPostprocessing = 0;
		};
/* End PBXResourcesBuildPhase section */

/* Begin PBXSourcesBuildPhase section */
		0415549F2F8CE36700AD8599 /* Sources */ = {
			isa = PBXSourcesBuildPhase;
			buildActionMask = 2147483647;
			files = (
				04B951362F938F2F00A600B5 /* HelaTrack.xcdatamodeld in Sources */,
				049CA18B2F9144FF00B48F29 /* TransactioRowPlaceholder.swift in Sources */,
				049CA1772F9125C000B48F29 /* CredentialsPage.swift in Sources */,
				049CA17D2F913FCD00B48F29 /* HomeView.swift in Sources */,
				049CA1622F90FA1E00B48F29 /* OnboardingView.swift in Sources */,
				04B951212F92A3C000A600B5 /* MessageParser.swift in Sources */,
				049CA1792F912E7900B48F29 /* Icons.swift in Sources */,
				049CA1732F9124C900B48F29 /* AnimationPage.swift in Sources */,
				04B9511D2F92A24400A600B5 /* PersistenceController.swift in Sources */,
				04B951232F92A44500A600B5 /* Notifications.swift in Sources */,
				049CA1832F91403C00B48F29 /* TransactionsView.swift in Sources */,
				049CA16D2F9120D300B48F29 /* Colors.swift in Sources */,
				049CA1812F91402700B48F29 /* InsightsView.swift in Sources */,
				04BADDEC2F91638400111C21 /* EditProfileView.swift in Sources */,
				049CA1892F91443D00B48F29 /* DailyPulseCard.swift in Sources */,
				049CA16A2F9116D600B48F29 /* PaymentProviders.swift in Sources */,
				049CA1852F91405300B48F29 /* ProfileView.swift in Sources */,
				04B9511F2F92A30200A600B5 /* TransactionRepository.swift in Sources */,
				04BADDE82F9160D500111C21 /* InsightsModel.swift in Sources */,
				04BADDE22F914E9800111C21 /* TransactionModel.swift in Sources */,
				04BADDE62F91551C00111C21 /* FilterChip.swift in Sources */,
				049CA1872F9143CE00B48F29 /* OverviewTabs.swift in Sources */,
				041554A92F8CE36700AD8599 /* ContentView.swift in Sources */,
				04BADDE42F914EED00111C21 /* TransactionCard.swift in Sources */,
				049CA17B2F913F7000B48F29 /* MainTabView.swift in Sources */,
				049CA1712F91242E00B48F29 /* ZApplyIcon.swift in Sources */,
				04BADDE02F914C0300111C21 /* IncomeBarGraph.swift in Sources */,
				049CA1752F91252F00B48F29 /* PaymentSelectionPage.swift in Sources */,
				04BADDEA2F91610600111C21 /* InsightCard.swift in Sources */,
				049CA16F2F9123E600B48F29 /* LottieView.swift in Sources */,
				04B9511B2F92A1FD00A600B5 /* TransactionEntity.swift in Sources */,
				041554A72F8CE36700AD8599 /* HelaTrackApp.swift in Sources */,
				049CA1642F90FA4500B48F29 /* OnboardingViewModel.swift in Sources */,
			);
			runOnlyForDeploymentPostprocessing = 0;
		};
		041554AF2F8CE36A00AD8599 /* Sources */ = {
			isa = PBXSourcesBuildPhase;
			buildActionMask = 2147483647;
			files = (
				041554B82F8CE36A00AD8599 /* messageParseTest.swift in Sources */,
			);
			runOnlyForDeploymentPostprocessing = 0;
		};
		041554B92F8CE36A00AD8599 /* Sources */ = {
			isa = PBXSourcesBuildPhase;
			buildActionMask = 2147483647;
			files = (
				041554C42F8CE36A00AD8599 /* HelaTrackUITestsLaunchTests.swift in Sources */,
				041554C22F8CE36A00AD8599 /* HelaTrackUITests.swift in Sources */,
			);
			runOnlyForDeploymentPostprocessing = 0;
		};
		04B951242F938B6600A600B5 /* Sources */ = {
			isa = PBXSourcesBuildPhase;
			buildActionMask = 2147483647;
			files = (
				04B9512B2F938B6600A600B5 /* MessageFilterExtension.swift in Sources */,
			);
			runOnlyForDeploymentPostprocessing = 0;
		};
/* End PBXSourcesBuildPhase section */

/* Begin PBXTargetDependency section */
		041554B52F8CE36A00AD8599 /* PBXTargetDependency */ = {
			isa = PBXTargetDependency;
			target = 041554A22F8CE36700AD8599 /* HelaTrack */;
			targetProxy = 041554B42F8CE36A00AD8599 /* PBXContainerItemProxy */;
		};
		041554BF2F8CE36A00AD8599 /* PBXTargetDependency */ = {
			isa = PBXTargetDependency;
			target = 041554A22F8CE36700AD8599 /* HelaTrack */;
			targetProxy = 041554BE2F8CE36A00AD8599 /* PBXContainerItemProxy */;
		};
		04B9512E2F938B6700A600B5 /* PBXTargetDependency */ = {
			isa = PBXTargetDependency;
			target = 04B951272F938B6600A600B5 /* HelaTrackFilter */;
			targetProxy = 04B9512D2F938B6700A600B5 /* PBXContainerItemProxy */;
		};
/* End PBXTargetDependency section */

/* Begin XCBuildConfiguration section */
		041554C52F8CE36A00AD8599 /* Debug */ = {
			isa = XCBuildConfiguration;
			buildSettings = {
				ALWAYS_SEARCH_USER_PATHS = NO;
				ASSETCATALOG_COMPILER_GENERATE_SWIFT_ASSET_SYMBOL_EXTENSIONS = YES;
				CLANG_ANALYZER_NONNULL = YES;
				CLANG_ANALYZER_NUMBER_OBJECT_CONVERSION = YES_AGGRESSIVE;
				CLANG_CXX_LANGUAGE_STANDARD = "gnu++20";
				CLANG_ENABLE_MODULES = YES;
				CLANG_ENABLE_OBJC_ARC = YES;
				CLANG_ENABLE_OBJC_WEAK = YES;
				CLANG_WARN_BLOCK_CAPTURE_AUTORELEASING = YES;
				CLANG_WARN_BOOL_CONVERSION = YES;
				CLANG_WARN_COMMA = YES;
				CLANG_WARN_CONSTANT_CONVERSION = YES;
				CLANG_WARN_DEPRECATED_OBJC_IMPLEMENTATIONS = YES;
				CLANG_WARN_DIRECT_OBJC_ISA_USAGE = YES_ERROR;
				CLANG_WARN_DOCUMENTATION_COMMENTS = YES;
				CLANG_WARN_EMPTY_BODY = YES;
				CLANG_WARN_ENUM_CONVERSION = YES;
				CLANG_WARN_INFINITE_RECURSION = YES;
				CLANG_WARN_INT_CONVERSION = YES;
				CLANG_WARN_NON_LITERAL_NULL_CONVERSION = YES;
				CLANG_WARN_OBJC_IMPLICIT_RETAIN_SELF = YES;
				CLANG_WARN_OBJC_LITERAL_CONVERSION = YES;
				CLANG_WARN_OBJC_ROOT_CLASS = YES_ERROR;
				CLANG_WARN_QUOTED_INCLUDE_IN_FRAMEWORK_HEADER = YES;
				CLANG_WARN_RANGE_LOOP_ANALYSIS = YES;
				CLANG_WARN_STRICT_PROTOTYPES = YES;
				CLANG_WARN_SUSPICIOUS_MOVE = YES;
				CLANG_WARN_UNGUARDED_AVAILABILITY = YES_AGGRESSIVE;
				CLANG_WARN_UNREACHABLE_CODE = YES;
				CLANG_WARN__DUPLICATE_METHOD_MATCH = YES;
				COPY_PHASE_STRIP = NO;
				DEBUG_INFORMATION_FORMAT = dwarf;
				ENABLE_STRICT_OBJC_MSGSEND = YES;
				ENABLE_TESTABILITY = YES;
				ENABLE_USER_SCRIPT_SANDBOXING = YES;
				GCC_C_LANGUAGE_STANDARD = gnu17;
				GCC_DYNAMIC_NO_PIC = NO;
				GCC_NO_COMMON_BLOCKS = YES;
				GCC_OPTIMIZATION_LEVEL = 0;
				GCC_PREPROCESSOR_DEFINITIONS = (
					"DEBUG=1",
					"$(inherited)",
				);
				GCC_WARN_64_TO_32_BIT_CONVERSION = YES;
				GCC_WARN_ABOUT_RETURN_TYPE = YES_ERROR;
				GCC_WARN_UNDECLARED_SELECTOR = YES;
				GCC_WARN_UNINITIALIZED_AUTOS = YES_AGGRESSIVE;
				GCC_WARN_UNUSED_FUNCTION = YES;
				GCC_WARN_UNUSED_VARIABLE = YES;
				IPHONEOS_DEPLOYMENT_TARGET = 17.2;
				LOCALIZATION_PREFERS_STRING_CATALOGS = YES;
				MTL_ENABLE_DEBUG_INFO = INCLUDE_SOURCE;
				MTL_FAST_MATH = YES;
				ONLY_ACTIVE_ARCH = YES;
				SDKROOT = iphoneos;
				SWIFT_ACTIVE_COMPILATION_CONDITIONS = "DEBUG $(inherited)";
				SWIFT_OPTIMIZATION_LEVEL = "-Onone";
			};
			name = Debug;
		};
		041554C62F8CE36A00AD8599 /* Release */ = {
			isa = XCBuildConfiguration;
			buildSettings = {
				ALWAYS_SEARCH_USER_PATHS = NO;
				ASSETCATALOG_COMPILER_GENERATE_SWIFT_ASSET_SYMBOL_EXTENSIONS = YES;
				CLANG_ANALYZER_NONNULL = YES;
				CLANG_ANALYZER_NUMBER_OBJECT_CONVERSION = YES_AGGRESSIVE;
				CLANG_CXX_LANGUAGE_STANDARD = "gnu++20";
				CLANG_ENABLE_MODULES = YES;
				CLANG_ENABLE_OBJC_ARC = YES;
				CLANG_ENABLE_OBJC_WEAK = YES;
				CLANG_WARN_BLOCK_CAPTURE_AUTORELEASING = YES;
				CLANG_WARN_BOOL_CONVERSION = YES;
				CLANG_WARN_COMMA = YES;
				CLANG_WARN_CONSTANT_CONVERSION = YES;
				CLANG_WARN_DEPRECATED_OBJC_IMPLEMENTATIONS = YES;
				CLANG_WARN_DIRECT_OBJC_ISA_USAGE = YES_ERROR;
				CLANG_WARN_DOCUMENTATION_COMMENTS = YES;
				CLANG_WARN_EMPTY_BODY = YES;
				CLANG_WARN_ENUM_CONVERSION = YES;
				CLANG_WARN_INFINITE_RECURSION = YES;
				CLANG_WARN_INT_CONVERSION = YES;
				CLANG_WARN_NON_LITERAL_NULL_CONVERSION = YES;
				CLANG_WARN_OBJC_IMPLICIT_RETAIN_SELF = YES;
				CLANG_WARN_OBJC_LITERAL_CONVERSION = YES;
				CLANG_WARN_OBJC_ROOT_CLASS = YES_ERROR;
				CLANG_WARN_QUOTED_INCLUDE_IN_FRAMEWORK_HEADER = YES;
				CLANG_WARN_RANGE_LOOP_ANALYSIS = YES;
				CLANG_WARN_STRICT_PROTOTYPES = YES;
				CLANG_WARN_SUSPICIOUS_MOVE = YES;
				CLANG_WARN_UNGUARDED_AVAILABILITY = YES_AGGRESSIVE;
				CLANG_WARN_UNREACHABLE_CODE = YES;
				CLANG_WARN__DUPLICATE_METHOD_MATCH = YES;
				COPY_PHASE_STRIP = NO;
				DEBUG_INFORMATION_FORMAT = "dwarf-with-dsym";
				ENABLE_NS_ASSERTIONS = NO;
				ENABLE_STRICT_OBJC_MSGSEND = YES;
				ENABLE_USER_SCRIPT_SANDBOXING = YES;
				GCC_C_LANGUAGE_STANDARD = gnu17;
				GCC_NO_COMMON_BLOCKS = YES;
				GCC_WARN_64_TO_32_BIT_CONVERSION = YES;
				GCC_WARN_ABOUT_RETURN_TYPE = YES_ERROR;
				GCC_WARN_UNDECLARED_SELECTOR = YES;
				GCC_WARN_UNINITIALIZED_AUTOS = YES_AGGRESSIVE;
				GCC_WARN_UNUSED_FUNCTION = YES;
				GCC_WARN_UNUSED_VARIABLE = YES;
				IPHONEOS_DEPLOYMENT_TARGET = 17.2;
				LOCALIZATION_PREFERS_STRING_CATALOGS = YES;
				MTL_ENABLE_DEBUG_INFO = NO;
				MTL_FAST_MATH = YES;
				SDKROOT = iphoneos;
				SWIFT_COMPILATION_MODE = wholemodule;
				VALIDATE_PRODUCT = YES;
			};
			name = Release;
		};
		041554C82F8CE36A00AD8599 /* Debug */ = {
			isa = XCBuildConfiguration;
			buildSettings = {
				ALWAYS_EMBED_SWIFT_STANDARD_LIBRARIES = YES;
				ASSETCATALOG_COMPILER_APPICON_NAME = AppIcon;
				ASSETCATALOG_COMPILER_GLOBAL_ACCENT_COLOR_NAME = AccentColor;
				CODE_SIGN_STYLE = Automatic;
				CURRENT_PROJECT_VERSION = 1;
				DEVELOPMENT_ASSET_PATHS = "\"HelaTrack/Preview Content\"";
				DEVELOPMENT_TEAM = FMB873S974;
				ENABLE_PREVIEWS = YES;
				GENERATE_INFOPLIST_FILE = YES;
				INFOPLIST_KEY_UIApplicationSceneManifest_Generation = YES;
				INFOPLIST_KEY_UIApplicationSupportsIndirectInputEvents = YES;
				INFOPLIST_KEY_UILaunchScreen_Generation = YES;
				INFOPLIST_KEY_UISupportedInterfaceOrientations_iPad = "UIInterfaceOrientationPortrait UIInterfaceOrientationPortraitUpsideDown UIInterfaceOrientationLandscapeLeft UIInterfaceOrientationLandscapeRight";
				INFOPLIST_KEY_UISupportedInterfaceOrientations_iPhone = "UIInterfaceOrientationPortrait UIInterfaceOrientationLandscapeLeft UIInterfaceOrientationLandscapeRight";
				LD_RUNPATH_SEARCH_PATHS = (
					"$(inherited)",
					"@executable_path/Frameworks",
				);
				MARKETING_VERSION = 1.0;
				PRODUCT_BUNDLE_IDENTIFIER = co.ke.mangochopsstudio.HelaTrack;
				PRODUCT_NAME = "$(TARGET_NAME)";
				SWIFT_EMIT_LOC_STRINGS = YES;
				SWIFT_VERSION = 5.0;
				TARGETED_DEVICE_FAMILY = "1,2";
			};
			name = Debug;
		};
		041554C92F8CE36A00AD8599 /* Release */ = {
			isa = XCBuildConfiguration;
			buildSettings = {
				ALWAYS_EMBED_SWIFT_STANDARD_LIBRARIES = YES;
				ASSETCATALOG_COMPILER_APPICON_NAME = AppIcon;
				ASSETCATALOG_COMPILER_GLOBAL_ACCENT_COLOR_NAME = AccentColor;
				CODE_SIGN_STYLE = Automatic;
				CURRENT_PROJECT_VERSION = 1;
				DEVELOPMENT_ASSET_PATHS = "\"HelaTrack/Preview Content\"";
				DEVELOPMENT_TEAM = FMB873S974;
				ENABLE_PREVIEWS = YES;
				GENERATE_INFOPLIST_FILE = YES;
				INFOPLIST_KEY_UIApplicationSceneManifest_Generation = YES;
				INFOPLIST_KEY_UIApplicationSupportsIndirectInputEvents = YES;
				INFOPLIST_KEY_UILaunchScreen_Generation = YES;
				INFOPLIST_KEY_UISupportedInterfaceOrientations_iPad = "UIInterfaceOrientationPortrait UIInterfaceOrientationPortraitUpsideDown UIInterfaceOrientationLandscapeLeft UIInterfaceOrientationLandscapeRight";
				INFOPLIST_KEY_UISupportedInterfaceOrientations_iPhone = "UIInterfaceOrientationPortrait UIInterfaceOrientationLandscapeLeft UIInterfaceOrientationLandscapeRight";
				LD_RUNPATH_SEARCH_PATHS = (
					"$(inherited)",
					"@executable_path/Frameworks",
				);
				MARKETING_VERSION = 1.0;
				PRODUCT_BUNDLE_IDENTIFIER = co.ke.mangochopsstudio.HelaTrack;
				PRODUCT_NAME = "$(TARGET_NAME)";
				SWIFT_EMIT_LOC_STRINGS = YES;
				SWIFT_VERSION = 5.0;
				TARGETED_DEVICE_FAMILY = "1,2";
			};
			name = Release;
		};
		041554CB2F8CE36A00AD8599 /* Debug */ = {
			isa = XCBuildConfiguration;
			buildSettings = {
				ALWAYS_EMBED_SWIFT_STANDARD_LIBRARIES = YES;
				BUNDLE_LOADER = "$(TEST_HOST)";
				CODE_SIGN_STYLE = Automatic;
				CURRENT_PROJECT_VERSION = 1;
				DEVELOPMENT_TEAM = FMB873S974;
				GENERATE_INFOPLIST_FILE = YES;
				IPHONEOS_DEPLOYMENT_TARGET = 17.2;
				MARKETING_VERSION = 1.0;
				PRODUCT_BUNDLE_IDENTIFIER = co.ke.mangochopsstudio.HelaTrackTests;
				PRODUCT_NAME = "$(TARGET_NAME)";
				SWIFT_EMIT_LOC_STRINGS = NO;
				SWIFT_VERSION = 5.0;
				TARGETED_DEVICE_FAMILY = "1,2";
				TEST_HOST = "$(BUILT_PRODUCTS_DIR)/HelaTrack.app/$(BUNDLE_EXECUTABLE_FOLDER_PATH)/HelaTrack";
			};
			name = Debug;
		};
		041554CC2F8CE36A00AD8599 /* Release */ = {
			isa = XCBuildConfiguration;
			buildSettings = {
				ALWAYS_EMBED_SWIFT_STANDARD_LIBRARIES = YES;
				BUNDLE_LOADER = "$(TEST_HOST)";
				CODE_SIGN_STYLE = Automatic;
				CURRENT_PROJECT_VERSION = 1;
				DEVELOPMENT_TEAM = FMB873S974;
				GENERATE_INFOPLIST_FILE = YES;
				IPHONEOS_DEPLOYMENT_TARGET = 17.2;
				MARKETING_VERSION = 1.0;
				PRODUCT_BUNDLE_IDENTIFIER = co.ke.mangochopsstudio.HelaTrackTests;
				PRODUCT_NAME = "$(TARGET_NAME)";
				SWIFT_EMIT_LOC_STRINGS = NO;
				SWIFT_VERSION = 5.0;
				TARGETED_DEVICE_FAMILY = "1,2";
				TEST_HOST = "$(BUILT_PRODUCTS_DIR)/HelaTrack.app/$(BUNDLE_EXECUTABLE_FOLDER_PATH)/HelaTrack";
			};
			name = Release;
		};
		041554CE2F8CE36A00AD8599 /* Debug */ = {
			isa = XCBuildConfiguration;
			buildSettings = {
				ALWAYS_EMBED_SWIFT_STANDARD_LIBRARIES = YES;
				CODE_SIGN_STYLE = Automatic;
				CURRENT_PROJECT_VERSION = 1;
				DEVELOPMENT_TEAM = FMB873S974;
				GENERATE_INFOPLIST_FILE = YES;
				MARKETING_VERSION = 1.0;
				PRODUCT_BUNDLE_IDENTIFIER = co.ke.mangochopsstudio.HelaTrackUITests;
				PRODUCT_NAME = "$(TARGET_NAME)";
				SWIFT_EMIT_LOC_STRINGS = NO;
				SWIFT_VERSION = 5.0;
				TARGETED_DEVICE_FAMILY = "1,2";
				TEST_TARGET_NAME = HelaTrack;
			};
			name = Debug;
		};
		041554CF2F8CE36A00AD8599 /* Release */ = {
			isa = XCBuildConfiguration;
			buildSettings = {
				ALWAYS_EMBED_SWIFT_STANDARD_LIBRARIES = YES;
				CODE_SIGN_STYLE = Automatic;
				CURRENT_PROJECT_VERSION = 1;
				DEVELOPMENT_TEAM = FMB873S974;
				GENERATE_INFOPLIST_FILE = YES;
				MARKETING_VERSION = 1.0;
				PRODUCT_BUNDLE_IDENTIFIER = co.ke.mangochopsstudio.HelaTrackUITests;
				PRODUCT_NAME = "$(TARGET_NAME)";
				SWIFT_EMIT_LOC_STRINGS = NO;
				SWIFT_VERSION = 5.0;
				TARGETED_DEVICE_FAMILY = "1,2";
				TEST_TARGET_NAME = HelaTrack;
			};
			name = Release;
		};
		04B951312F938B6700A600B5 /* Debug */ = {
			isa = XCBuildConfiguration;
			buildSettings = {
				CODE_SIGN_STYLE = Automatic;
				CURRENT_PROJECT_VERSION = 1;
				DEVELOPMENT_TEAM = FMB873S974;
				GENERATE_INFOPLIST_FILE = YES;
				INFOPLIST_FILE = HelaTrackFilter/Info.plist;
				INFOPLIST_KEY_CFBundleDisplayName = HelaTrackFilter;
				INFOPLIST_KEY_NSHumanReadableCopyright = "";
				LD_RUNPATH_SEARCH_PATHS = (
					"$(inherited)",
					"@executable_path/Frameworks",
					"@executable_path/../../Frameworks",
				);
				MARKETING_VERSION = 1.0;
				PRODUCT_BUNDLE_IDENTIFIER = co.ke.mangochopsstudio.HelaTrack.HelaTrackFilter;
				PRODUCT_NAME = "$(TARGET_NAME)";
				SKIP_INSTALL = YES;
				SWIFT_EMIT_LOC_STRINGS = YES;
				SWIFT_VERSION = 5.0;
				TARGETED_DEVICE_FAMILY = "1,2";
			};
			name = Debug;
		};
		04B951322F938B6700A600B5 /* Release */ = {
			isa = XCBuildConfiguration;
			buildSettings = {
				CODE_SIGN_STYLE = Automatic;
				CURRENT_PROJECT_VERSION = 1;
				DEVELOPMENT_TEAM = FMB873S974;
				GENERATE_INFOPLIST_FILE = YES;
				INFOPLIST_FILE = HelaTrackFilter/Info.plist;
				INFOPLIST_KEY_CFBundleDisplayName = HelaTrackFilter;
				INFOPLIST_KEY_NSHumanReadableCopyright = "";
				LD_RUNPATH_SEARCH_PATHS = (
					"$(inherited)",
					"@executable_path/Frameworks",
					"@executable_path/../../Frameworks",
				);
				MARKETING_VERSION = 1.0;
				PRODUCT_BUNDLE_IDENTIFIER = co.ke.mangochopsstudio.HelaTrack.HelaTrackFilter;
				PRODUCT_NAME = "$(TARGET_NAME)";
				SKIP_INSTALL = YES;
				SWIFT_EMIT_LOC_STRINGS = YES;
				SWIFT_VERSION = 5.0;
				TARGETED_DEVICE_FAMILY = "1,2";
			};
			name = Release;
		};
/* End XCBuildConfiguration section */

/* Begin XCConfigurationList section */
		0415549E2F8CE36700AD8599 /* Build configuration list for PBXProject "HelaTrack" */ = {
			isa = XCConfigurationList;
			buildConfigurations = (
				041554C52F8CE36A00AD8599 /* Debug */,
				041554C62F8CE36A00AD8599 /* Release */,
			);
			defaultConfigurationIsVisible = 0;
			defaultConfigurationName = Release;
		};
		041554C72F8CE36A00AD8599 /* Build configuration list for PBXNativeTarget "HelaTrack" */ = {
			isa = XCConfigurationList;
			buildConfigurations = (
				041554C82F8CE36A00AD8599 /* Debug */,
				041554C92F8CE36A00AD8599 /* Release */,
			);
			defaultConfigurationIsVisible = 0;
			defaultConfigurationName = Release;
		};
		041554CA2F8CE36A00AD8599 /* Build configuration list for PBXNativeTarget "HelaTrackTests" */ = {
			isa = XCConfigurationList;
			buildConfigurations = (
				041554CB2F8CE36A00AD8599 /* Debug */,
				041554CC2F8CE36A00AD8599 /* Release */,
			);
			defaultConfigurationIsVisible = 0;
			defaultConfigurationName = Release;
		};
		041554CD2F8CE36A00AD8599 /* Build configuration list for PBXNativeTarget "HelaTrackUITests" */ = {
			isa = XCConfigurationList;
			buildConfigurations = (
				041554CE2F8CE36A00AD8599 /* Debug */,
				041554CF2F8CE36A00AD8599 /* Release */,
			);
			defaultConfigurationIsVisible = 0;
			defaultConfigurationName = Release;
		};
		04B951302F938B6700A600B5 /* Build configuration list for PBXNativeTarget "HelaTrackFilter" */ = {
			isa = XCConfigurationList;
			buildConfigurations = (
				04B951312F938B6700A600B5 /* Debug */,
				04B951322F938B6700A600B5 /* Release */,
			);
			defaultConfigurationIsVisible = 0;
			defaultConfigurationName = Release;
		};
/* End XCConfigurationList section */

/* Begin XCRemoteSwiftPackageReference section */
		049CA1662F910E5700B48F29 /* XCRemoteSwiftPackageReference "lottie-ios" */ = {
			isa = XCRemoteSwiftPackageReference;
			repositoryURL = "https://github.com/airbnb/lottie-ios.git";
			requirement = {
				kind = exactVersion;
				version = 4.4.1;
			};
		};
/* End XCRemoteSwiftPackageReference section */

/* Begin XCSwiftPackageProductDependency section */
		049CA1672F910E5700B48F29 /* Lottie */ = {
			isa = XCSwiftPackageProductDependency;
			package = 049CA1662F910E5700B48F29 /* XCRemoteSwiftPackageReference "lottie-ios" */;
			productName = Lottie;
		};
/* End XCSwiftPackageProductDependency section */

/* Begin XCVersionGroup section */
		04B951342F938F2F00A600B5 /* HelaTrack.xcdatamodeld */ = {
			isa = XCVersionGroup;
			children = (
				04B951352F938F2F00A600B5 /* HelaTrack.xcdatamodel */,
			);
			currentVersion = 04B951352F938F2F00A600B5 /* HelaTrack.xcdatamodel */;
			path = HelaTrack.xcdatamodeld;
			sourceTree = "<group>";
			versionGroupType = wrapper.xcdatamodel;
		};
/* End XCVersionGroup section */
	};
	rootObject = 0415549B2F8CE36700AD8599 /* Project object */;
}
